
Microsoft Visual Studio Solution File, Format Version 12.00
# Visual Studio Express 2012 for Web
Project("{FAE04EC0-301F-11D3-BF4B-00C04F79EFBC}") = "UniversityReview", "UniversityReview\UniversityReview.csproj", "{2CD9E3ED-32C8-4522-BF0A-381B31E20BA7}"
EndProject
Project("{FAE04EC0-301F-11D3-BF4B-00C04F79EFBC}") = "UniversityReview.Tests", "UniversityReview.Tests\UniversityReview.Tests.csproj", "{DF89E07A-FDE3-4749-99FB-AFF8E7C2AB80}"
EndProject
Global
	GlobalSection(SolutionConfigurationPlatforms) = preSolution
		Debug|Any CPU = Debug|Any CPU
		Release|Any CPU = Release|Any CPU
	EndGlobalSection
	GlobalSection(ProjectConfigurationPlatforms) = postSolution
		{2CD9E3ED-32C8-4522-BF0A-381B31E20BA7}.Debug|Any CPU.ActiveCfg = Debug|Any CPU
		{2CD9E3ED-32C8-4522-BF0A-381B31E20BA7}.Debug|Any CPU.Build.0 = Debug|Any CPU
		{2CD9E3ED-32C8-4522-BF0A-381B31E20BA7}.Release|Any CPU.ActiveCfg = Release|Any CPU
		{2CD9E3ED-32C8-4522-BF0A-381B31E20BA7}.Release|Any CPU.Build.0 = Release|Any CPU
		{DF89E07A-FDE3-4749-99FB-AFF8E7C2AB80}.Debug|Any CPU.ActiveCfg = Debug|Any CPU
		{DF89E07A-FDE3-4749-99FB-AFF8E7C2AB80}.Debug|Any CPU.Build.0 = Debug|Any CPU
		{DF89E07A-FDE3-4749-99FB-AFF8E7C2AB80}.Release|Any CPU.ActiveCfg = Release|Any CPU
		{DF89E07A-FDE3-4749-99FB-AFF8E7C2AB80}.Release|Any CPU.Build.0 = Release|Any CPU
	EndGlobalSection
	GlobalSection(SolutionProperties) = preSolution
		HideSolutionNode = FALSE
	EndGlobalSection
EndGlobal
